
Microsoft Visual Studio Solution File, Format Version 12.00
Project("{FAE04EC0-301F-11D3-BF4B-00C04F79EFBC}") = "CardSignalR.Web", "CardSignalR.Web\CardSignalR.Web.csproj", "{33615980-AE06-4B88-81DC-ACA179B22449}"
EndProject
Project("{FAE04EC0-301F-11D3-BF4B-00C04F79EFBC}") = "CardSignalR.Service", "CardSignalR.Service\CardSignalR.Service.csproj", "{9EE53AF0-2FA0-4C97-A771-784CD3D4E6C3}"
EndProject
Project("{FAE04EC0-301F-11D3-BF4B-00C04F79EFBC}") = "CardSignalR.DataAccess", "CardSignalR.DataAccess\CardSignalR.DataAccess.csproj", "{95E9267F-D67B-4020-952A-424CF18E7583}"
EndProject
Project("{FAE04EC0-301F-11D3-BF4B-00C04F79EFBC}") = "CardSignalR.ExceptionHandling", "CardSignalR.ExceptionHandling\CardSignalR.ExceptionHandling.csproj", "{794F221F-C251-44A3-BA48-055BC3CE25F8}"
EndProject
Project("{FAE04EC0-301F-11D3-BF4B-00C04F79EFBC}") = "CardSignalR.Api", "CardSignalR.Api\CardSignalR.Api.csproj", "{D61B97EA-A1B0-418C-A7E5-F927AE6544BE}"
EndProject
Global
	GlobalSection(SolutionConfigurationPlatforms) = preSolution
		Debug|Any CPU = Debug|Any CPU
		Release|Any CPU = Release|Any CPU
	EndGlobalSection
	GlobalSection(ProjectConfigurationPlatforms) = postSolution
		{33615980-AE06-4B88-81DC-ACA179B22449}.Debug|Any CPU.ActiveCfg = Debug|Any CPU
		{33615980-AE06-4B88-81DC-ACA179B22449}.Debug|Any CPU.Build.0 = Debug|Any CPU
		{33615980-AE06-4B88-81DC-ACA179B22449}.Release|Any CPU.ActiveCfg = Release|Any CPU
		{33615980-AE06-4B88-81DC-ACA179B22449}.Release|Any CPU.Build.0 = Release|Any CPU
		{9EE53AF0-2FA0-4C97-A771-784CD3D4E6C3}.Debug|Any CPU.ActiveCfg = Debug|Any CPU
		{9EE53AF0-2FA0-4C97-A771-784CD3D4E6C3}.Debug|Any CPU.Build.0 = Debug|Any CPU
		{9EE53AF0-2FA0-4C97-A771-784CD3D4E6C3}.Release|Any CPU.ActiveCfg = Release|Any CPU
		{9EE53AF0-2FA0-4C97-A771-784CD3D4E6C3}.Release|Any CPU.Build.0 = Release|Any CPU
		{95E9267F-D67B-4020-952A-424CF18E7583}.Debug|Any CPU.ActiveCfg = Debug|Any CPU
		{95E9267F-D67B-4020-952A-424CF18E7583}.Debug|Any CPU.Build.0 = Debug|Any CPU
		{95E9267F-D67B-4020-952A-424CF18E7583}.Release|Any CPU.ActiveCfg = Release|Any CPU
		{95E9267F-D67B-4020-952A-424CF18E7583}.Release|Any CPU.Build.0 = Release|Any CPU
		{794F221F-C251-44A3-BA48-055BC3CE25F8}.Debug|Any CPU.ActiveCfg = Debug|Any CPU
		{794F221F-C251-44A3-BA48-055BC3CE25F8}.Debug|Any CPU.Build.0 = Debug|Any CPU
		{794F221F-C251-44A3-BA48-055BC3CE25F8}.Release|Any CPU.ActiveCfg = Release|Any CPU
		{794F221F-C251-44A3-BA48-055BC3CE25F8}.Release|Any CPU.Build.0 = Release|Any CPU
		{D61B97EA-A1B0-418C-A7E5-F927AE6544BE}.Debug|Any CPU.ActiveCfg = Debug|Any CPU
		{D61B97EA-A1B0-418C-A7E5-F927AE6544BE}.Debug|Any CPU.Build.0 = Debug|Any CPU
		{D61B97EA-A1B0-418C-A7E5-F927AE6544BE}.Release|Any CPU.ActiveCfg = Release|Any CPU
		{D61B97EA-A1B0-418C-A7E5-F927AE6544BE}.Release|Any CPU.Build.0 = Release|Any CPU
	EndGlobalSection
EndGlobal
